
Microsoft Visual Studio Solution File, Format Version 12.00
# Visual Studio 15
VisualStudioVersion = 15.0.27428.2005
MinimumVisualStudioVersion = 10.0.40219.1
Project("{FAE04EC0-301F-11D3-BF4B-00C04F79EFBC}") = "WpfDevice", "WpfDevice\WpfDevice.csproj", "{7FFE598E-EB46-4355-91A4-CB596DAD694F}"
EndProject
Project("{9A19103F-16F7-4668-BE54-9A1E7A4F7556}") = "EventStorageProcessor", "EventStorageProcessor\EventStorageProcessor.csproj", "{850B407F-44BF-426B-A3DB-1FA9C94212A8}"
EndProject
Project("{9A19103F-16F7-4668-BE54-9A1E7A4F7556}") = "IoTHubEventProcessor", "IoTHubEventProcessor\IoTHubEventProcessor.csproj", "{E1EC91FE-86DC-44A0-8E8C-74A279344C26}"
EndProject
Project("{9A19103F-16F7-4668-BE54-9A1E7A4F7556}") = "EventHistoryMonitor", "EventHistoryMonitor\EventHistoryMonitor.csproj", "{BC2089AD-224C-4F27-BBC6-C2B9428A43C3}"
EndProject
Project("{00D1A9C2-B5F0-4AF3-8072-F6C62B433612}") = "IoTHubEvents", "IoTHubEvents\IoTHubEvents.sqlproj", "{C62361B5-E096-4444-AE2C-221A2202B0E7}"
EndProject
Project("{9A19103F-16F7-4668-BE54-9A1E7A4F7556}") = "IoTHubMonitoring", "IoTHubMonitoring\IoTHubMonitoring.csproj", "{51CC42AB-D39D-4457-AE34-179175A225C0}"
EndProject
Global
	GlobalSection(SolutionConfigurationPlatforms) = preSolution
		Debug|Any CPU = Debug|Any CPU
		Release|Any CPU = Release|Any CPU
	EndGlobalSection
	GlobalSection(ProjectConfigurationPlatforms) = postSolution
		{7FFE598E-EB46-4355-91A4-CB596DAD694F}.Debug|Any CPU.ActiveCfg = Debug|Any CPU
		{7FFE598E-EB46-4355-91A4-CB596DAD694F}.Debug|Any CPU.Build.0 = Debug|Any CPU
		{7FFE598E-EB46-4355-91A4-CB596DAD694F}.Release|Any CPU.ActiveCfg = Release|Any CPU
		{7FFE598E-EB46-4355-91A4-CB596DAD694F}.Release|Any CPU.Build.0 = Release|Any CPU
		{850B407F-44BF-426B-A3DB-1FA9C94212A8}.Debug|Any CPU.ActiveCfg = Debug|Any CPU
		{850B407F-44BF-426B-A3DB-1FA9C94212A8}.Debug|Any CPU.Build.0 = Debug|Any CPU
		{850B407F-44BF-426B-A3DB-1FA9C94212A8}.Release|Any CPU.ActiveCfg = Release|Any CPU
		{850B407F-44BF-426B-A3DB-1FA9C94212A8}.Release|Any CPU.Build.0 = Release|Any CPU
		{E1EC91FE-86DC-44A0-8E8C-74A279344C26}.Debug|Any CPU.ActiveCfg = Debug|Any CPU
		{E1EC91FE-86DC-44A0-8E8C-74A279344C26}.Debug|Any CPU.Build.0 = Debug|Any CPU
		{E1EC91FE-86DC-44A0-8E8C-74A279344C26}.Release|Any CPU.ActiveCfg = Release|Any CPU
		{E1EC91FE-86DC-44A0-8E8C-74A279344C26}.Release|Any CPU.Build.0 = Release|Any CPU
		{BC2089AD-224C-4F27-BBC6-C2B9428A43C3}.Debug|Any CPU.ActiveCfg = Debug|Any CPU
		{BC2089AD-224C-4F27-BBC6-C2B9428A43C3}.Debug|Any CPU.Build.0 = Debug|Any CPU
		{BC2089AD-224C-4F27-BBC6-C2B9428A43C3}.Release|Any CPU.ActiveCfg = Release|Any CPU
		{BC2089AD-224C-4F27-BBC6-C2B9428A43C3}.Release|Any CPU.Build.0 = Release|Any CPU
		{C62361B5-E096-4444-AE2C-221A2202B0E7}.Debug|Any CPU.ActiveCfg = Debug|Any CPU
		{C62361B5-E096-4444-AE2C-221A2202B0E7}.Debug|Any CPU.Build.0 = Debug|Any CPU
		{C62361B5-E096-4444-AE2C-221A2202B0E7}.Debug|Any CPU.Deploy.0 = Debug|Any CPU
		{C62361B5-E096-4444-AE2C-221A2202B0E7}.Release|Any CPU.ActiveCfg = Release|Any CPU
		{C62361B5-E096-4444-AE2C-221A2202B0E7}.Release|Any CPU.Build.0 = Release|Any CPU
		{C62361B5-E096-4444-AE2C-221A2202B0E7}.Release|Any CPU.Deploy.0 = Release|Any CPU
		{51CC42AB-D39D-4457-AE34-179175A225C0}.Debug|Any CPU.ActiveCfg = Debug|Any CPU
		{51CC42AB-D39D-4457-AE34-179175A225C0}.Debug|Any CPU.Build.0 = Debug|Any CPU
		{51CC42AB-D39D-4457-AE34-179175A225C0}.Release|Any CPU.ActiveCfg = Release|Any CPU
		{51CC42AB-D39D-4457-AE34-179175A225C0}.Release|Any CPU.Build.0 = Release|Any CPU
	EndGlobalSection
	GlobalSection(SolutionProperties) = preSolution
		HideSolutionNode = FALSE
	EndGlobalSection
	GlobalSection(ExtensibilityGlobals) = postSolution
		SolutionGuid = {312440AF-AEF9-405A-ABF5-837A7E76E9F4}
	EndGlobalSection
EndGlobal
